// !$*UTF8*$!
{
	archiveVersion = 1;
	classes = {
	};
	objectVersion = 46;
	objects = {

/* Begin PBXBuildFile section */
		214149221B5B48830078A583 /* main.m in Sources */ = {isa = PBXBuildFile; fileRef = 214149211B5B48830078A583 /* main.m */; };
		214149251B5B48830078A583 /* AppDelegate.m in Sources */ = {isa = PBXBuildFile; fileRef = 214149241B5B48830078A583 /* AppDelegate.m */; };
		214149281B5B48830078A583 /* FirstViewController.m in Sources */ = {isa = PBXBuildFile; fileRef = 214149271B5B48830078A583 /* FirstViewController.m */; };
		2141492B1B5B48830078A583 /* SecondViewController.m in Sources */ = {isa = PBXBuildFile; fileRef = 2141492A1B5B48830078A583 /* SecondViewController.m */; };
		2141492E1B5B48830078A583 /* Main.storyboard in Resources */ = {isa = PBXBuildFile; fileRef = 2141492C1B5B48830078A583 /* Main.storyboard */; };
		214149301B5B48830078A583 /* Images.xcassets in Resources */ = {isa = PBXBuildFile; fileRef = 2141492F1B5B48830078A583 /* Images.xcassets */; };
		214149331B5B48830078A583 /* LaunchScreen.xib in Resources */ = {isa = PBXBuildFile; fileRef = 214149311B5B48830078A583 /* LaunchScreen.xib */; };
		2141493F1B5B48830078A583 /* AlumniAppTabTests.m in Sources */ = {isa = PBXBuildFile; fileRef = 2141493E1B5B48830078A583 /* AlumniAppTabTests.m */; };
		21A452381B5CDFAD007B2C2F /* ThridViewController.m in Sources */ = {isa = PBXBuildFile; fileRef = 21A452361B5CDFAD007B2C2F /* ThridViewController.m */; };
		21A4523C1B5CEEB6007B2C2F /* MainViewController.m in Sources */ = {isa = PBXBuildFile; fileRef = 21A4523B1B5CEEB6007B2C2F /* MainViewController.m */; };
/* End PBXBuildFile section */

/* Begin PBXContainerItemProxy section */
		214149391B5B48830078A583 /* PBXContainerItemProxy */ = {
			isa = PBXContainerItemProxy;
			containerPortal = 214149141B5B48830078A583 /* Project object */;
			proxyType = 1;
			remoteGlobalIDString = 2141491B1B5B48830078A583;
			remoteInfo = AlumniAppTab;
		};
/* End PBXContainerItemProxy section */

/* Begin PBXFileReference section */
		2141491C1B5B48830078A583 /* AlumniApp.app */ = {isa = PBXFileReference; explicitFileType = wrapper.application; includeInIndex = 0; path = AlumniApp.app; sourceTree = BUILT_PRODUCTS_DIR; };
		214149201B5B48830078A583 /* Info.plist */ = {isa = PBXFileReference; lastKnownFileType = text.plist.xml; path = Info.plist; sourceTree = "<group>"; };
		214149211B5B48830078A583 /* main.m */ = {isa = PBXFileReference; lastKnownFileType = sourcecode.c.objc; path = main.m; sourceTree = "<group>"; };
		214149231B5B48830078A583 /* AppDelegate.h */ = {isa = PBXFileReference; lastKnownFileType = sourcecode.c.h; path = AppDelegate.h; sourceTree = "<group>"; };
		214149241B5B48830078A583 /* AppDelegate.m */ = {isa = PBXFileReference; lastKnownFileType = sourcecode.c.objc; path = AppDelegate.m; sourceTree = "<group>"; };
		214149261B5B48830078A583 /* FirstViewController.h */ = {isa = PBXFileReference; lastKnownFileType = sourcecode.c.h; path = FirstViewController.h; sourceTree = "<group>"; };
		214149271B5B48830078A583 /* FirstViewController.m */ = {isa = PBXFileReference; lastKnownFileType = sourcecode.c.objc; path = FirstViewController.m; sourceTree = "<group>"; };
		214149291B5B48830078A583 /* SecondViewController.h */ = {isa = PBXFileReference; lastKnownFileType = sourcecode.c.h; path = SecondViewController.h; sourceTree = "<group>"; };
		2141492A1B5B48830078A583 /* SecondViewController.m */ = {isa = PBXFileReference; lastKnownFileType = sourcecode.c.objc; path = SecondViewController.m; sourceTree = "<group>"; };
		2141492D1B5B48830078A583 /* Base */ = {isa = PBXFileReference; lastKnownFileType = file.storyboard; name = Base; path = Base.lproj/Main.storyboard; sourceTree = "<group>"; };
		2141492F1B5B48830078A583 /* Images.xcassets */ = {isa = PBXFileReference; lastKnownFileType = folder.assetcatalog; path = Images.xcassets; sourceTree = "<group>"; };
		214149321B5B48830078A583 /* Base */ = {isa = PBXFileReference; lastKnownFileType = file.xib; name = Base; path = Base.lproj/LaunchScreen.xib; sourceTree = "<group>"; };
		214149381B5B48830078A583 /* AlumniAppTests.xctest */ = {isa = PBXFileReference; explicitFileType = wrapper.cfbundle; includeInIndex = 0; path = AlumniAppTests.xctest; sourceTree = BUILT_PRODUCTS_DIR; };
		2141493D1B5B48830078A583 /* Info.plist */ = {isa = PBXFileReference; lastKnownFileType = text.plist.xml; path = Info.plist; sourceTree = "<group>"; };
		2141493E1B5B48830078A583 /* AlumniAppTabTests.m */ = {isa = PBXFileReference; lastKnownFileType = sourcecode.c.objc; path = AlumniAppTabTests.m; sourceTree = "<group>"; };
		21A452351B5CDFAD007B2C2F /* ThridViewController.h */ = {isa = PBXFileReference; fileEncoding = 4; lastKnownFileType = sourcecode.c.h; path = ThridViewController.h; sourceTree = "<group>"; };
		21A452361B5CDFAD007B2C2F /* ThridViewController.m */ = {isa = PBXFileReference; fileEncoding = 4; lastKnownFileType = sourcecode.c.objc; path = ThridViewController.m; sourceTree = "<group>"; };
		21A4523A1B5CEEB6007B2C2F /* MainViewController.h */ = {isa = PBXFileReference; fileEncoding = 4; lastKnownFileType = sourcecode.c.h; path = MainViewController.h; sourceTree = "<group>"; };
		21A4523B1B5CEEB6007B2C2F /* MainViewController.m */ = {isa = PBXFileReference; fileEncoding = 4; lastKnownFileType = sourcecode.c.objc; path = MainViewController.m; sourceTree = "<group>"; };
/* End PBXFileReference section */

/* Begin PBXFrameworksBuildPhase section */
		214149191B5B48830078A583 /* Frameworks */ = {
			isa = PBXFrameworksBuildPhase;
			buildActionMask = 2147483647;
			files = (
			);
			runOnlyForDeploymentPostprocessing = 0;
		};
		214149351B5B48830078A583 /* Frameworks */ = {
			isa = PBXFrameworksBuildPhase;
			buildActionMask = 2147483647;
			files = (
			);
			runOnlyForDeploymentPostprocessing = 0;
		};
/* End PBXFrameworksBuildPhase section */

/* Begin PBXGroup section */
		214149131B5B48830078A583 = {
			isa = PBXGroup;
			children = (
				21A452341B5CDEA7007B2C2F /* Main */,
				2141493B1B5B48830078A583 /* AlumniAppTests */,
				2141491D1B5B48830078A583 /* Products */,
			);
			sourceTree = "<group>";
		};
		2141491D1B5B48830078A583 /* Products */ = {
			isa = PBXGroup;
			children = (
				2141491C1B5B48830078A583 /* AlumniApp.app */,
				214149381B5B48830078A583 /* AlumniAppTests.xctest */,
			);
			name = Products;
			sourceTree = "<group>";
		};
		2141491E1B5B48830078A583 /* AlumniApp */ = {
			isa = PBXGroup;
			children = (
				214149231B5B48830078A583 /* AppDelegate.h */,
				214149241B5B48830078A583 /* AppDelegate.m */,
				214149261B5B48830078A583 /* FirstViewController.h */,
				214149271B5B48830078A583 /* FirstViewController.m */,
				214149291B5B48830078A583 /* SecondViewController.h */,
				2141492A1B5B48830078A583 /* SecondViewController.m */,
				2141492C1B5B48830078A583 /* Main.storyboard */,
				2141492F1B5B48830078A583 /* Images.xcassets */,
				214149311B5B48830078A583 /* LaunchScreen.xib */,
				2141491F1B5B48830078A583 /* Supporting Files */,
				21A452351B5CDFAD007B2C2F /* ThridViewController.h */,
				21A452361B5CDFAD007B2C2F /* ThridViewController.m */,
				21A4523A1B5CEEB6007B2C2F /* MainViewController.h */,
				21A4523B1B5CEEB6007B2C2F /* MainViewController.m */,
			);
			name = AlumniApp;
			path = AlumniAppTab;
			sourceTree = "<group>";
		};
		2141491F1B5B48830078A583 /* Supporting Files */ = {
			isa = PBXGroup;
			children = (
				214149201B5B48830078A583 /* Info.plist */,
				214149211B5B48830078A583 /* main.m */,
			);
			name = "Supporting Files";
			sourceTree = "<group>";
		};
		2141493B1B5B48830078A583 /* AlumniAppTests */ = {
			isa = PBXGroup;
			children = (
				2141493E1B5B48830078A583 /* AlumniAppTabTests.m */,
				2141493C1B5B48830078A583 /* Supporting Files */,
			);
			name = AlumniAppTests;
			path = AlumniAppTabTests;
			sourceTree = "<group>";
		};
		2141493C1B5B48830078A583 /* Supporting Files */ = {
			isa = PBXGroup;
			children = (
				2141493D1B5B48830078A583 /* Info.plist */,
			);
			name = "Supporting Files";
			sourceTree = "<group>";
		};
		21A452341B5CDEA7007B2C2F /* Main */ = {
			isa = PBXGroup;
			children = (
				2141491E1B5B48830078A583 /* AlumniApp */,
			);
			name = Main;
			sourceTree = "<group>";
		};
/* End PBXGroup section */

/* Begin PBXNativeTarget section */
		2141491B1B5B48830078A583 /* AlumniApp */ = {
			isa = PBXNativeTarget;
			buildConfigurationList = 214149421B5B48830078A583 /* Build configuration list for PBXNativeTarget "AlumniApp" */;
			buildPhases = (
				214149181B5B48830078A583 /* Sources */,
				214149191B5B48830078A583 /* Frameworks */,
				2141491A1B5B48830078A583 /* Resources */,
			);
			buildRules = (
			);
			dependencies = (
			);
			name = AlumniApp;
			productName = AlumniAppTab;
			productReference = 2141491C1B5B48830078A583 /* AlumniApp.app */;
			productType = "com.apple.product-type.application";
		};
		214149371B5B48830078A583 /* AlumniAppTests */ = {
			isa = PBXNativeTarget;
			buildConfigurationList = 214149451B5B48830078A583 /* Build configuration list for PBXNativeTarget "AlumniAppTests" */;
			buildPhases = (
				214149341B5B48830078A583 /* Sources */,
				214149351B5B48830078A583 /* Frameworks */,
				214149361B5B48830078A583 /* Resources */,
			);
			buildRules = (
			);
			dependencies = (
				2141493A1B5B48830078A583 /* PBXTargetDependency */,
			);
			name = AlumniAppTests;
			productName = AlumniAppTabTests;
			productReference = 214149381B5B48830078A583 /* AlumniAppTests.xctest */;
			productType = "com.apple.product-type.bundle.unit-test";
		};
/* End PBXNativeTarget section */

/* Begin PBXProject section */
		214149141B5B48830078A583 /* Project object */ = {
			isa = PBXProject;
			attributes = {
				LastUpgradeCheck = 0640;
				ORGANIZATIONNAME = RamaSubbaiya;
				TargetAttributes = {
					2141491B1B5B48830078A583 = {
						CreatedOnToolsVersion = 6.4;
					};
					214149371B5B48830078A583 = {
						CreatedOnToolsVersion = 6.4;
						TestTargetID = 2141491B1B5B48830078A583;
					};
				};
			};
			buildConfigurationList = 214149171B5B48830078A583 /* Build configuration list for PBXProject "AlumniApp" */;
			compatibilityVersion = "Xcode 3.2";
			developmentRegion = English;
			hasScannedForEncodings = 0;
			knownRegions = (
				en,
				Base,
			);
			mainGroup = 214149131B5B48830078A583;
			productRefGroup = 2141491D1B5B48830078A583 /* Products */;
			projectDirPath = "";
			projectRoot = "";
			targets = (
				2141491B1B5B48830078A583 /* AlumniApp */,
				214149371B5B48830078A583 /* AlumniAppTests */,
			);
		};
/* End PBXProject section */

/* Begin PBXResourcesBuildPhase section */
		2141491A1B5B48830078A583 /* Resources */ = {
			isa = PBXResourcesBuildPhase;
			buildActionMask = 2147483647;
			files = (
				2141492E1B5B48830078A583 /* Main.storyboard in Resources */,
				214149331B5B48830078A583 /* LaunchScreen.xib in Resources */,
				214149301B5B48830078A583 /* Images.xcassets in Resources */,
			);
			runOnlyForDeploymentPostprocessing = 0;
		};
		214149361B5B48830078A583 /* Resources */ = {
			isa = PBXResourcesBuildPhase;
			buildActionMask = 2147483647;
			files = (
			);
			runOnlyForDeploymentPostprocessing = 0;
		};
/* End PBXResourcesBuildPhase section */

/* Begin PBXSourcesBuildPhase section */
		214149181B5B48830078A583 /* Sources */ = {
			isa = PBXSourcesBuildPhase;
			buildActionMask = 2147483647;
			files = (
				21A452381B5CDFAD007B2C2F /* ThridViewController.m in Sources */,
				21A4523C1B5CEEB6007B2C2F /* MainViewController.m in Sources */,
				2141492B1B5B48830078A583 /* SecondViewController.m in Sources */,
				214149251B5B48830078A583 /* AppDelegate.m in Sources */,
				214149281B5B48830078A583 /* FirstViewController.m in Sources */,
				214149221B5B48830078A583 /* main.m in Sources */,
			);
			runOnlyForDeploymentPostprocessing = 0;
		};
		214149341B5B48830078A583 /* Sources */ = {
			isa = PBXSourcesBuildPhase;
			buildActionMask = 2147483647;
			files = (
				2141493F1B5B48830078A583 /* AlumniAppTabTests.m in Sources */,
			);
			runOnlyForDeploymentPostprocessing = 0;
		};
/* End PBXSourcesBuildPhase section */

/* Begin PBXTargetDependency section */
		2141493A1B5B48830078A583 /* PBXTargetDependency */ = {
			isa = PBXTargetDependency;
			target = 2141491B1B5B48830078A583 /* AlumniApp */;
			targetProxy = 214149391B5B48830078A583 /* PBXContainerItemProxy */;
		};
/* End PBXTargetDependency section */

/* Begin PBXVariantGroup section */
		2141492C1B5B48830078A583 /* Main.storyboard */ = {
			isa = PBXVariantGroup;
			children = (
				2141492D1B5B48830078A583 /* Base */,
			);
			name = Main.storyboard;
			sourceTree = "<group>";
		};
		214149311B5B48830078A583 /* LaunchScreen.xib */ = {
			isa = PBXVariantGroup;
			children = (
				214149321B5B48830078A583 /* Base */,
			);
			name = LaunchScreen.xib;
			sourceTree = "<group>";
		};
/* End PBXVariantGroup section */

/* Begin XCBuildConfiguration section */
		214149401B5B48830078A583 /* Debug */ = {
			isa = XCBuildConfiguration;
			buildSettings = {
				ALWAYS_SEARCH_USER_PATHS = NO;
				CLANG_CXX_LANGUAGE_STANDARD = "gnu++0x";
				CLANG_CXX_LIBRARY = "libc++";
				CLANG_ENABLE_MODULES = YES;
				CLANG_ENABLE_OBJC_ARC = YES;
				CLANG_WARN_BOOL_CONVERSION = YES;
				CLANG_WARN_CONSTANT_CONVERSION = YES;
				CLANG_WARN_DIRECT_OBJC_ISA_USAGE = YES_ERROR;
				CLANG_WARN_EMPTY_BODY = YES;
				CLANG_WARN_ENUM_CONVERSION = YES;
				CLANG_WARN_INT_CONVERSION = YES;
				CLANG_WARN_OBJC_ROOT_CLASS = YES_ERROR;
				CLANG_WARN_UNREACHABLE_CODE = YES;
				CLANG_WARN__DUPLICATE_METHOD_MATCH = YES;
				"CODE_SIGN_IDENTITY[sdk=iphoneos*]" = "iPhone Developer";
				COPY_PHASE_STRIP = NO;
				DEBUG_INFORMATION_FORMAT = "dwarf-with-dsym";
				ENABLE_STRICT_OBJC_MSGSEND = YES;
				GCC_C_LANGUAGE_STANDARD = gnu99;
				GCC_DYNAMIC_NO_PIC = NO;
				GCC_NO_COMMON_BLOCKS = YES;
				GCC_OPTIMIZATION_LEVEL = 0;
				GCC_PREPROCESSOR_DEFINITIONS = (
					"DEBUG=1",
					"$(inherited)",
				);
				GCC_SYMBOLS_PRIVATE_EXTERN = NO;
				GCC_WARN_64_TO_32_BIT_CONVERSION = YES;
				GCC_WARN_ABOUT_RETURN_TYPE = YES_ERROR;
				GCC_WARN_UNDECLARED_SELECTOR = YES;
				GCC_WARN_UNINITIALIZED_AUTOS = YES_AGGRESSIVE;
				GCC_WARN_UNUSED_FUNCTION = YES;
				GCC_WARN_UNUSED_VARIABLE = YES;
				IPHONEOS_DEPLOYMENT_TARGET = 8.4;
				MTL_ENABLE_DEBUG_INFO = YES;
				ONLY_ACTIVE_ARCH = YES;
				SDKROOT = iphoneos;
			};
			name = Debug;
		};
		214149411B5B48830078A583 /* Release */ = {
			isa = XCBuildConfiguration;
			buildSettings = {
				ALWAYS_SEARCH_USER_PATHS = NO;
				CLANG_CXX_LANGUAGE_STANDARD = "gnu++0x";
				CLANG_CXX_LIBRARY = "libc++";
				CLANG_ENABLE_MODULES = YES;
				CLANG_ENABLE_OBJC_ARC = YES;
				CLANG_WARN_BOOL_CONVERSION = YES;
				CLANG_WARN_CONSTANT_CONVERSION = YES;
				CLANG_WARN_DIRECT_OBJC_ISA_USAGE = YES_ERROR;
				CLANG_WARN_EMPTY_BODY = YES;
				CLANG_WARN_ENUM_CONVERSION = YES;
				CLANG_WARN_INT_CONVERSION = YES;
				CLANG_WARN_OBJC_ROOT_CLASS = YES_ERROR;
				CLANG_WARN_UNREACHABLE_CODE = YES;
				CLANG_WARN__DUPLICATE_METHOD_MATCH = YES;
				"CODE_SIGN_IDENTITY[sdk=iphoneos*]" = "iPhone Developer";
				COPY_PHASE_STRIP = NO;
				DEBUG_INFORMATION_FORMAT = "dwarf-with-dsym";
				ENABLE_NS_ASSERTIONS = NO;
				ENABLE_STRICT_OBJC_MSGSEND = YES;
				GCC_C_LANGUAGE_STANDARD = gnu99;
				GCC_NO_COMMON_BLOCKS = YES;
				GCC_WARN_64_TO_32_BIT_CONVERSION = YES;
				GCC_WARN_ABOUT_RETURN_TYPE = YES_ERROR;
				GCC_WARN_UNDECLARED_SELECTOR = YES;
				GCC_WARN_UNINITIALIZED_AUTOS = YES_AGGRESSIVE;
				GCC_WARN_UNUSED_FUNCTION = YES;
				GCC_WARN_UNUSED_VARIABLE = YES;
				IPHONEOS_DEPLOYMENT_TARGET = 8.4;
				MTL_ENABLE_DEBUG_INFO = NO;
				SDKROOT = iphoneos;
				VALIDATE_PRODUCT = YES;
			};
			name = Release;
		};
		214149431B5B48830078A583 /* Debug */ = {
			isa = XCBuildConfiguration;
			buildSettings = {
				ASSETCATALOG_COMPILER_APPICON_NAME = AppIcon;
				INFOPLIST_FILE = AlumniAppTab/Info.plist;
				LD_RUNPATH_SEARCH_PATHS = "$(inherited) @executable_path/Frameworks";
				PRODUCT_NAME = AlumniApp;
				TARGETED_DEVICE_FAMILY = "1,2";
			};
			name = Debug;
		};
		214149441B5B48830078A583 /* Release */ = {
			isa = XCBuildConfiguration;
			buildSettings = {
				ASSETCATALOG_COMPILER_APPICON_NAME = AppIcon;
				INFOPLIST_FILE = AlumniAppTab/Info.plist;
				LD_RUNPATH_SEARCH_PATHS = "$(inherited) @executable_path/Frameworks";
				PRODUCT_NAME = AlumniApp;
				TARGETED_DEVICE_FAMILY = "1,2";
			};
			name = Release;
		};
		214149461B5B48830078A583 /* Debug */ = {
			isa = XCBuildConfiguration;
			buildSettings = {
				BUNDLE_LOADER = "$(TEST_HOST)";
				FRAMEWORK_SEARCH_PATHS = (
					"$(SDKROOT)/Developer/Library/Frameworks",
					"$(inherited)",
				);
				GCC_PREPROCESSOR_DEFINITIONS = (
					"DEBUG=1",
					"$(inherited)",
				);
				INFOPLIST_FILE = AlumniAppTabTests/Info.plist;
				LD_RUNPATH_SEARCH_PATHS = "$(inherited) @executable_path/Frameworks @loader_path/Frameworks";
				PRODUCT_NAME = AlumniAppTests;
				TEST_HOST = "$(BUILT_PRODUCTS_DIR)/AlumniAppTab.app/AlumniAppTab";
			};
			name = Debug;
		};
		214149471B5B48830078A583 /* Release */ = {
			isa = XCBuildConfiguration;
			buildSettings = {
				BUNDLE_LOADER = "$(TEST_HOST)";
				FRAMEWORK_SEARCH_PATHS = (
					"$(SDKROOT)/Developer/Library/Frameworks",
					"$(inherited)",
				);
				INFOPLIST_FILE = AlumniAppTabTests/Info.plist;
				LD_RUNPATH_SEARCH_PATHS = "$(inherited) @executable_path/Frameworks @loader_path/Frameworks";
				PRODUCT_NAME = AlumniAppTests;
				TEST_HOST = "$(BUILT_PRODUCTS_DIR)/AlumniAppTab.app/AlumniAppTab";
			};
			name = Release;
		};
/* End XCBuildConfiguration section */

/* Begin XCConfigurationList section */
		214149171B5B48830078A583 /* Build configuration list for PBXProject "AlumniApp" */ = {
			isa = XCConfigurationList;
			buildConfigurations = (
				214149401B5B48830078A583 /* Debug */,
				214149411B5B48830078A583 /* Release */,
			);
			defaultConfigurationIsVisible = 0;
			defaultConfigurationName = Release;
		};
		214149421B5B48830078A583 /* Build configuration list for PBXNativeTarget "AlumniApp" */ = {
			isa = XCConfigurationList;
			buildConfigurations = (
				214149431B5B48830078A583 /* Debug */,
				214149441B5B48830078A583 /* Release */,
			);
			defaultConfigurationIsVisible = 0;
			defaultConfigurationName = Release;
		};
		214149451B5B48830078A583 /* Build configuration list for PBXNativeTarget "AlumniAppTests" */ = {
			isa = XCConfigurationList;
			buildConfigurations = (
				214149461B5B48830078A583 /* Debug */,
				214149471B5B48830078A583 /* Release */,
			);
			defaultConfigurationIsVisible = 0;
			defaultConfigurationName = Release;
		};
/* End XCConfigurationList section */
	};
	rootObject = 214149141B5B48830078A583 /* Project object */;
}
